
Microsoft Visual Studio Solution File, Format Version 12.00
# Visual Studio Version 17
VisualStudioVersion = 17.5.33530.505
MinimumVisualStudioVersion = 10.0.40219.1
Project("{9A19103F-16F7-4668-BE54-9A1E7A4F7556}") = "pz_01", "pz_01\pz_01.csproj", "{F2C0D468-EAD6-40B8-8580-98FD424270F6}"
EndProject
Project("{9A19103F-16F7-4668-BE54-9A1E7A4F7556}") = "PZ_02", "PZ_02\PZ_02.csproj", "{E3F087C4-6B62-4351-942F-7AFD85A4A910}"
EndProject
Project("{9A19103F-16F7-4668-BE54-9A1E7A4F7556}") = "pz_03", "pz_03\pz_03.csproj", "{F1CEFCF3-0D6A-40CC-ABF1-9C29CF4765E7}"
EndProject
Project("{9A19103F-16F7-4668-BE54-9A1E7A4F7556}") = "pz_04", "pz_04\pz_04.csproj", "{17CD41E8-F34E-4D17-AA0F-94D74CA3E553}"
EndProject
Project("{9A19103F-16F7-4668-BE54-9A1E7A4F7556}") = "pz_05", "pz_05\pz_05.csproj", "{C3B88104-9905-4E03-8B29-2E999E710BFE}"
EndProject
Project("{FAE04EC0-301F-11D3-BF4B-00C04F79EFBC}") = "pz_06", "pz_06\pz_06.csproj", "{21AE3B8B-EEED-4C0D-8CEE-B616C010AFCB}"
EndProject
Global
	GlobalSection(SolutionConfigurationPlatforms) = preSolution
		Debug|Any CPU = Debug|Any CPU
		Release|Any CPU = Release|Any CPU
	EndGlobalSection
	GlobalSection(ProjectConfigurationPlatforms) = postSolution
		{F2C0D468-EAD6-40B8-8580-98FD424270F6}.Debug|Any CPU.ActiveCfg = Debug|Any CPU
		{F2C0D468-EAD6-40B8-8580-98FD424270F6}.Debug|Any CPU.Build.0 = Debug|Any CPU
		{F2C0D468-EAD6-40B8-8580-98FD424270F6}.Release|Any CPU.ActiveCfg = Release|Any CPU
		{F2C0D468-EAD6-40B8-8580-98FD424270F6}.Release|Any CPU.Build.0 = Release|Any CPU
		{E3F087C4-6B62-4351-942F-7AFD85A4A910}.Debug|Any CPU.ActiveCfg = Debug|Any CPU
		{E3F087C4-6B62-4351-942F-7AFD85A4A910}.Debug|Any CPU.Build.0 = Debug|Any CPU
		{E3F087C4-6B62-4351-942F-7AFD85A4A910}.Release|Any CPU.ActiveCfg = Release|Any CPU
		{E3F087C4-6B62-4351-942F-7AFD85A4A910}.Release|Any CPU.Build.0 = Release|Any CPU
		{F1CEFCF3-0D6A-40CC-ABF1-9C29CF4765E7}.Debug|Any CPU.ActiveCfg = Debug|Any CPU
		{F1CEFCF3-0D6A-40CC-ABF1-9C29CF4765E7}.Debug|Any CPU.Build.0 = Debug|Any CPU
		{F1CEFCF3-0D6A-40CC-ABF1-9C29CF4765E7}.Release|Any CPU.ActiveCfg = Release|Any CPU
		{F1CEFCF3-0D6A-40CC-ABF1-9C29CF4765E7}.Release|Any CPU.Build.0 = Release|Any CPU
		{17CD41E8-F34E-4D17-AA0F-94D74CA3E553}.Debug|Any CPU.ActiveCfg = Debug|Any CPU
		{17CD41E8-F34E-4D17-AA0F-94D74CA3E553}.Debug|Any CPU.Build.0 = Debug|Any CPU
		{17CD41E8-F34E-4D17-AA0F-94D74CA3E553}.Release|Any CPU.ActiveCfg = Release|Any CPU
		{17CD41E8-F34E-4D17-AA0F-94D74CA3E553}.Release|Any CPU.Build.0 = Release|Any CPU
		{C3B88104-9905-4E03-8B29-2E999E710BFE}.Debug|Any CPU.ActiveCfg = Debug|Any CPU
		{C3B88104-9905-4E03-8B29-2E999E710BFE}.Debug|Any CPU.Build.0 = Debug|Any CPU
		{C3B88104-9905-4E03-8B29-2E999E710BFE}.Release|Any CPU.ActiveCfg = Release|Any CPU
		{C3B88104-9905-4E03-8B29-2E999E710BFE}.Release|Any CPU.Build.0 = Release|Any CPU
		{21AE3B8B-EEED-4C0D-8CEE-B616C010AFCB}.Debug|Any CPU.ActiveCfg = Debug|Any CPU
		{21AE3B8B-EEED-4C0D-8CEE-B616C010AFCB}.Debug|Any CPU.Build.0 = Debug|Any CPU
		{21AE3B8B-EEED-4C0D-8CEE-B616C010AFCB}.Release|Any CPU.ActiveCfg = Release|Any CPU
		{21AE3B8B-EEED-4C0D-8CEE-B616C010AFCB}.Release|Any CPU.Build.0 = Release|Any CPU
	EndGlobalSection
	GlobalSection(SolutionProperties) = preSolution
		HideSolutionNode = FALSE
	EndGlobalSection
	GlobalSection(ExtensibilityGlobals) = postSolution
		SolutionGuid = {A220B8C7-B2EF-4294-A311-F33EAEA17356}
	EndGlobalSection
EndGlobal
