
Microsoft Visual Studio Solution File, Format Version 12.00
# Visual Studio Version 17
VisualStudioVersion = 17.5.33530.505
MinimumVisualStudioVersion = 10.0.40219.1
Project("{9A19103F-16F7-4668-BE54-9A1E7A4F7556}") = "pz_01", "pz_01\pz_01.csproj", "{F2C0D468-EAD6-40B8-8580-98FD424270F6}"
EndProject
Project("{9A19103F-16F7-4668-BE54-9A1E7A4F7556}") = "PZ_02", "PZ_02\PZ_02.csproj", "{E3F087C4-6B62-4351-942F-7AFD85A4A910}"
EndProject
Project("{9A19103F-16F7-4668-BE54-9A1E7A4F7556}") = "pz_03", "pz_03\pz_03.csproj", "{F1CEFCF3-0D6A-40CC-ABF1-9C29CF4765E7}"
EndProject
Project("{9A19103F-16F7-4668-BE54-9A1E7A4F7556}") = "pz_04", "pz_04\pz_04.csproj", "{17CD41E8-F34E-4D17-AA0F-94D74CA3E553}"
EndProject
Project("{9A19103F-16F7-4668-BE54-9A1E7A4F7556}") = "pz_05", "pz_05\pz_05.csproj", "{C3B88104-9905-4E03-8B29-2E999E710BFE}"
EndProject
Project("{9A19103F-16F7-4668-BE54-9A1E7A4F7556}") = "pz_06", "pz_06\pz_06.csproj", "{21AE3B8B-EEED-4C0D-8CEE-B616C010AFCB}"
EndProject
Project("{9A19103F-16F7-4668-BE54-9A1E7A4F7556}") = "pz_07", "pz_07\pz_07.csproj", "{9313A148-4D3C-4F1C-8BD3-233538162DE1}"
EndProject
Project("{9A19103F-16F7-4668-BE54-9A1E7A4F7556}") = "pz_08", "pz_08\pz_08.csproj", "{632D9051-C846-42E1-8A41-3430C436DA41}"
EndProject
Project("{9A19103F-16F7-4668-BE54-9A1E7A4F7556}") = "pz_09", "pz_09\pz_09.csproj", "{CB897D88-B3FB-4353-81A9-CE31A149841A}"
EndProject
Project("{9A19103F-16F7-4668-BE54-9A1E7A4F7556}") = "pz_10", "pz_10\pz_10.csproj", "{AD53475B-D17F-428B-A236-9D6F6354FA2C}"
EndProject
Project("{9A19103F-16F7-4668-BE54-9A1E7A4F7556}") = "pz_11", "pz_11\pz_11.csproj", "{CC4D3F76-A1DD-447B-B92E-5C2C881E4CCC}"
EndProject
Project("{9A19103F-16F7-4668-BE54-9A1E7A4F7556}") = "pz_12", "pz_12\pz_12.csproj", "{7DFB3D67-B113-45EA-9BF9-0EDA3EFFD6E3}"
EndProject
Project("{9A19103F-16F7-4668-BE54-9A1E7A4F7556}") = "pz_13", "pz_13\pz_13.csproj", "{9FE0AA66-54BE-40C8-A493-99E879E84245}"
EndProject
Project("{9A19103F-16F7-4668-BE54-9A1E7A4F7556}") = "pz_14", "pz_14\pz_14.csproj", "{7190D91B-F455-40D9-AD4F-E4A455A915AD}"
EndProject
Project("{9A19103F-16F7-4668-BE54-9A1E7A4F7556}") = "pz_15", "pz_15\pz_15.csproj", "{47667C8C-C79C-496F-91A3-AE98278F8A48}"
EndProject
Project("{9A19103F-16F7-4668-BE54-9A1E7A4F7556}") = "pz_16", "pz_16\pz_16.csproj", "{FF15DD05-BAAB-4434-844A-BE31A3420B9B}"
EndProject
Project("{9A19103F-16F7-4668-BE54-9A1E7A4F7556}") = "pz_18", "pz_18\pz_18.csproj", "{CF6970FC-BC03-4B45-861E-F78B947BA0A7}"
EndProject
Project("{9A19103F-16F7-4668-BE54-9A1E7A4F7556}") = "pz_19", "pz_19\pz_19.csproj", "{DE00F2FC-3F3A-433F-8669-82043DA18282}"
EndProject
Project("{FAE04EC0-301F-11D3-BF4B-00C04F79EFBC}") = "pz_20", "pz_20\pz_20.csproj", "{803F9EA1-9945-4597-8336-AA3EC75ECC4D}"
EndProject
Global
	GlobalSection(SolutionConfigurationPlatforms) = preSolution
		Debug|Any CPU = Debug|Any CPU
		Release|Any CPU = Release|Any CPU
	EndGlobalSection
	GlobalSection(ProjectConfigurationPlatforms) = postSolution
		{F2C0D468-EAD6-40B8-8580-98FD424270F6}.Debug|Any CPU.ActiveCfg = Debug|Any CPU
		{F2C0D468-EAD6-40B8-8580-98FD424270F6}.Debug|Any CPU.Build.0 = Debug|Any CPU
		{F2C0D468-EAD6-40B8-8580-98FD424270F6}.Release|Any CPU.ActiveCfg = Release|Any CPU
		{F2C0D468-EAD6-40B8-8580-98FD424270F6}.Release|Any CPU.Build.0 = Release|Any CPU
		{E3F087C4-6B62-4351-942F-7AFD85A4A910}.Debug|Any CPU.ActiveCfg = Debug|Any CPU
		{E3F087C4-6B62-4351-942F-7AFD85A4A910}.Debug|Any CPU.Build.0 = Debug|Any CPU
		{E3F087C4-6B62-4351-942F-7AFD85A4A910}.Release|Any CPU.ActiveCfg = Release|Any CPU
		{E3F087C4-6B62-4351-942F-7AFD85A4A910}.Release|Any CPU.Build.0 = Release|Any CPU
		{F1CEFCF3-0D6A-40CC-ABF1-9C29CF4765E7}.Debug|Any CPU.ActiveCfg = Debug|Any CPU
		{F1CEFCF3-0D6A-40CC-ABF1-9C29CF4765E7}.Debug|Any CPU.Build.0 = Debug|Any CPU
		{F1CEFCF3-0D6A-40CC-ABF1-9C29CF4765E7}.Release|Any CPU.ActiveCfg = Release|Any CPU
		{F1CEFCF3-0D6A-40CC-ABF1-9C29CF4765E7}.Release|Any CPU.Build.0 = Release|Any CPU
		{17CD41E8-F34E-4D17-AA0F-94D74CA3E553}.Debug|Any CPU.ActiveCfg = Debug|Any CPU
		{17CD41E8-F34E-4D17-AA0F-94D74CA3E553}.Debug|Any CPU.Build.0 = Debug|Any CPU
		{17CD41E8-F34E-4D17-AA0F-94D74CA3E553}.Release|Any CPU.ActiveCfg = Release|Any CPU
		{17CD41E8-F34E-4D17-AA0F-94D74CA3E553}.Release|Any CPU.Build.0 = Release|Any CPU
		{C3B88104-9905-4E03-8B29-2E999E710BFE}.Debug|Any CPU.ActiveCfg = Debug|Any CPU
		{C3B88104-9905-4E03-8B29-2E999E710BFE}.Debug|Any CPU.Build.0 = Debug|Any CPU
		{C3B88104-9905-4E03-8B29-2E999E710BFE}.Release|Any CPU.ActiveCfg = Release|Any CPU
		{C3B88104-9905-4E03-8B29-2E999E710BFE}.Release|Any CPU.Build.0 = Release|Any CPU
		{21AE3B8B-EEED-4C0D-8CEE-B616C010AFCB}.Debug|Any CPU.ActiveCfg = Debug|Any CPU
		{21AE3B8B-EEED-4C0D-8CEE-B616C010AFCB}.Debug|Any CPU.Build.0 = Debug|Any CPU
		{21AE3B8B-EEED-4C0D-8CEE-B616C010AFCB}.Release|Any CPU.ActiveCfg = Release|Any CPU
		{21AE3B8B-EEED-4C0D-8CEE-B616C010AFCB}.Release|Any CPU.Build.0 = Release|Any CPU
		{9313A148-4D3C-4F1C-8BD3-233538162DE1}.Debug|Any CPU.ActiveCfg = Debug|Any CPU
		{9313A148-4D3C-4F1C-8BD3-233538162DE1}.Debug|Any CPU.Build.0 = Debug|Any CPU
		{9313A148-4D3C-4F1C-8BD3-233538162DE1}.Release|Any CPU.ActiveCfg = Release|Any CPU
		{9313A148-4D3C-4F1C-8BD3-233538162DE1}.Release|Any CPU.Build.0 = Release|Any CPU
		{632D9051-C846-42E1-8A41-3430C436DA41}.Debug|Any CPU.ActiveCfg = Debug|Any CPU
		{632D9051-C846-42E1-8A41-3430C436DA41}.Debug|Any CPU.Build.0 = Debug|Any CPU
		{632D9051-C846-42E1-8A41-3430C436DA41}.Release|Any CPU.ActiveCfg = Release|Any CPU
		{632D9051-C846-42E1-8A41-3430C436DA41}.Release|Any CPU.Build.0 = Release|Any CPU
		{CB897D88-B3FB-4353-81A9-CE31A149841A}.Debug|Any CPU.ActiveCfg = Debug|Any CPU
		{CB897D88-B3FB-4353-81A9-CE31A149841A}.Debug|Any CPU.Build.0 = Debug|Any CPU
		{CB897D88-B3FB-4353-81A9-CE31A149841A}.Release|Any CPU.ActiveCfg = Release|Any CPU
		{CB897D88-B3FB-4353-81A9-CE31A149841A}.Release|Any CPU.Build.0 = Release|Any CPU
		{AD53475B-D17F-428B-A236-9D6F6354FA2C}.Debug|Any CPU.ActiveCfg = Debug|Any CPU
		{AD53475B-D17F-428B-A236-9D6F6354FA2C}.Debug|Any CPU.Build.0 = Debug|Any CPU
		{AD53475B-D17F-428B-A236-9D6F6354FA2C}.Release|Any CPU.ActiveCfg = Release|Any CPU
		{AD53475B-D17F-428B-A236-9D6F6354FA2C}.Release|Any CPU.Build.0 = Release|Any CPU
		{CC4D3F76-A1DD-447B-B92E-5C2C881E4CCC}.Debug|Any CPU.ActiveCfg = Debug|Any CPU
		{CC4D3F76-A1DD-447B-B92E-5C2C881E4CCC}.Debug|Any CPU.Build.0 = Debug|Any CPU
		{CC4D3F76-A1DD-447B-B92E-5C2C881E4CCC}.Release|Any CPU.ActiveCfg = Release|Any CPU
		{CC4D3F76-A1DD-447B-B92E-5C2C881E4CCC}.Release|Any CPU.Build.0 = Release|Any CPU
		{7DFB3D67-B113-45EA-9BF9-0EDA3EFFD6E3}.Debug|Any CPU.ActiveCfg = Debug|Any CPU
		{7DFB3D67-B113-45EA-9BF9-0EDA3EFFD6E3}.Debug|Any CPU.Build.0 = Debug|Any CPU
		{7DFB3D67-B113-45EA-9BF9-0EDA3EFFD6E3}.Release|Any CPU.ActiveCfg = Release|Any CPU
		{7DFB3D67-B113-45EA-9BF9-0EDA3EFFD6E3}.Release|Any CPU.Build.0 = Release|Any CPU
		{9FE0AA66-54BE-40C8-A493-99E879E84245}.Debug|Any CPU.ActiveCfg = Debug|Any CPU
		{9FE0AA66-54BE-40C8-A493-99E879E84245}.Debug|Any CPU.Build.0 = Debug|Any CPU
		{9FE0AA66-54BE-40C8-A493-99E879E84245}.Release|Any CPU.ActiveCfg = Release|Any CPU
		{9FE0AA66-54BE-40C8-A493-99E879E84245}.Release|Any CPU.Build.0 = Release|Any CPU
		{7190D91B-F455-40D9-AD4F-E4A455A915AD}.Debug|Any CPU.ActiveCfg = Debug|Any CPU
		{7190D91B-F455-40D9-AD4F-E4A455A915AD}.Debug|Any CPU.Build.0 = Debug|Any CPU
		{7190D91B-F455-40D9-AD4F-E4A455A915AD}.Release|Any CPU.ActiveCfg = Release|Any CPU
		{7190D91B-F455-40D9-AD4F-E4A455A915AD}.Release|Any CPU.Build.0 = Release|Any CPU
		{47667C8C-C79C-496F-91A3-AE98278F8A48}.Debug|Any CPU.ActiveCfg = Debug|Any CPU
		{47667C8C-C79C-496F-91A3-AE98278F8A48}.Debug|Any CPU.Build.0 = Debug|Any CPU
		{47667C8C-C79C-496F-91A3-AE98278F8A48}.Release|Any CPU.ActiveCfg = Release|Any CPU
		{47667C8C-C79C-496F-91A3-AE98278F8A48}.Release|Any CPU.Build.0 = Release|Any CPU
		{FF15DD05-BAAB-4434-844A-BE31A3420B9B}.Debug|Any CPU.ActiveCfg = Debug|Any CPU
		{FF15DD05-BAAB-4434-844A-BE31A3420B9B}.Debug|Any CPU.Build.0 = Debug|Any CPU
		{FF15DD05-BAAB-4434-844A-BE31A3420B9B}.Release|Any CPU.ActiveCfg = Release|Any CPU
		{FF15DD05-BAAB-4434-844A-BE31A3420B9B}.Release|Any CPU.Build.0 = Release|Any CPU
		{CF6970FC-BC03-4B45-861E-F78B947BA0A7}.Debug|Any CPU.ActiveCfg = Debug|Any CPU
		{CF6970FC-BC03-4B45-861E-F78B947BA0A7}.Debug|Any CPU.Build.0 = Debug|Any CPU
		{CF6970FC-BC03-4B45-861E-F78B947BA0A7}.Release|Any CPU.ActiveCfg = Release|Any CPU
		{CF6970FC-BC03-4B45-861E-F78B947BA0A7}.Release|Any CPU.Build.0 = Release|Any CPU
		{DE00F2FC-3F3A-433F-8669-82043DA18282}.Debug|Any CPU.ActiveCfg = Debug|Any CPU
		{DE00F2FC-3F3A-433F-8669-82043DA18282}.Debug|Any CPU.Build.0 = Debug|Any CPU
		{DE00F2FC-3F3A-433F-8669-82043DA18282}.Release|Any CPU.ActiveCfg = Release|Any CPU
		{DE00F2FC-3F3A-433F-8669-82043DA18282}.Release|Any CPU.Build.0 = Release|Any CPU
		{803F9EA1-9945-4597-8336-AA3EC75ECC4D}.Debug|Any CPU.ActiveCfg = Debug|Any CPU
		{803F9EA1-9945-4597-8336-AA3EC75ECC4D}.Debug|Any CPU.Build.0 = Debug|Any CPU
		{803F9EA1-9945-4597-8336-AA3EC75ECC4D}.Release|Any CPU.ActiveCfg = Release|Any CPU
		{803F9EA1-9945-4597-8336-AA3EC75ECC4D}.Release|Any CPU.Build.0 = Release|Any CPU
	EndGlobalSection
	GlobalSection(SolutionProperties) = preSolution
		HideSolutionNode = FALSE
	EndGlobalSection
	GlobalSection(ExtensibilityGlobals) = postSolution
		SolutionGuid = {A220B8C7-B2EF-4294-A311-F33EAEA17356}
	EndGlobalSection
EndGlobal
